Microsoft Visual Studio Solution File, Format Version 11.00
# Visual Studio 2008

Project("{E2516DA3-5054-4905-7291-5A05A80365C1}") = "unityreboot", "Assembly-CSharp.csproj", "{10B8AD36-19BE-0434-25D8-0E04448D917E}"
EndProject
Global
	GlobalSection(SolutionConfigurationPlatforms) = preSolution
		Debug|Any CPU = Debug|Any CPU
		Release|Any CPU = Release|Any CPU
	EndGlobalSection
	GlobalSection(ProjectConfigurationPlatforms) = postSolution
		{10B8AD36-19BE-0434-25D8-0E04448D917E}.Debug|Any CPU.ActiveCfg = Debug|Any CPU
		{10B8AD36-19BE-0434-25D8-0E04448D917E}.Debug|Any CPU.Build.0 = Debug|Any CPU
		{10B8AD36-19BE-0434-25D8-0E04448D917E}.Release|Any CPU.ActiveCfg = Release|Any CPU
		{10B8AD36-19BE-0434-25D8-0E04448D917E}.Release|Any CPU.Build.0 = Release|Any CPU
	EndGlobalSection
	GlobalSection(SolutionProperties) = preSolution
		HideSolutionNode = FALSE
	EndGlobalSection
	GlobalSection(MonoDevelopProperties) = preSolution
		StartupItem = Assembly-CSharp.csproj
	EndGlobalSection
EndGlobal
